PODS:
  - Flutter (1.0.0)
  - permission_handler_apple (9.1.1):
    - Flutter
  - shared_preferences_foundation (0.0.1):
    - Flutter
    - FlutterMacOS
  - yandex_maps_navikit (1.0.0):
    - Flutter
    - YandexMapsMobile (= 4.6.0-beta3-navikit-flutter)
  - YandexMapsMobile (4.6.0-beta3-navikit-flutter)
  - YMKStylingAutomotiveNavigation (4.6.1)
  - YMKStylingRoadEvents (4.6.1)

DEPENDENCIES:
  - Flutter (from `Flutter`)
  - permission_handler_apple (from `.symlinks/plugins/permission_handler_apple/ios`)
  - shared_preferences_foundation (from `.symlinks/plugins/shared_preferences_foundation/darwin`)
  - yandex_maps_navikit (from `.symlinks/plugins/yandex_maps_navikit/ios`)
  - YMKStylingAutomotiveNavigation (= 4.6.1)
  - YMKStylingRoadEvents (= 4.6.1)

SPEC REPOS:
  trunk:
    - YandexMapsMobile
    - YMKStylingAutomotiveNavigation
    - YMKStylingRoadEvents

EXTERNAL SOURCES:
  Flutter:
    :path: Flutter
  permission_handler_apple:
    :path: ".symlinks/plugins/permission_handler_apple/ios"
  shared_preferences_foundation:
    :path: ".symlinks/plugins/shared_preferences_foundation/darwin"
  yandex_maps_navikit:
    :path: ".symlinks/plugins/yandex_maps_navikit/ios"

SPEC CHECKSUMS:
  Flutter: f04841e97a9d0b0a8025694d0796dd46242b2854
  permission_handler_apple: e76247795d700c14ea09e3a2d8855d41ee80a2e6
  shared_preferences_foundation: b4c3b4cddf1c21f02770737f147a3f5da9d39695
  yandex_maps_navikit: f3f1c8b1043cb0dc966d8f6947e1cfe37063a117
  YandexMapsMobile: 0f8a75764640a472aee9c486cb4a1eacfa19c4fe
  YMKStylingAutomotiveNavigation: 8cdc6746fb9a2c42c47494ac9c25d389d6010cfd
  YMKStylingRoadEvents: 356a696364579573018f782380fbf8cb3d1150eb

PODFILE CHECKSUM: d352684cc54b304629df3007b99c2be3d967b15f

COCOAPODS: 1.15.2
